// !$*UTF8*$!
{
	archiveVersion = 1;
	classes = {
	};
	objectVersion = 55;
	objects = {

/* Begin PBXBuildFile section */
		0132CF0B2847BF1C00D9BB00 /* AppDelegate.swift in Sources */ = {isa = PBXBuildFile; fileRef = 0132CF0A2847BF1C00D9BB00 /* AppDelegate.swift */; };
		0132CF0D2847BF1C00D9BB00 /* SceneDelegate.swift in Sources */ = {isa = PBXBuildFile; fileRef = 0132CF0C2847BF1C00D9BB00 /* SceneDelegate.swift */; };
		0132CF142847BF1D00D9BB00 /* Assets.xcassets in Resources */ = {isa = PBXBuildFile; fileRef = 0132CF132847BF1D00D9BB00 /* Assets.xcassets */; };
		0132CF212847BFE100D9BB00 /* GridViewController.swift in Sources */ = {isa = PBXBuildFile; fileRef = 0132CF202847BFE100D9BB00 /* GridViewController.swift */; };
		0132CF232847C00800D9BB00 /* TextCell.swift in Sources */ = {isa = PBXBuildFile; fileRef = 0132CF222847C00800D9BB00 /* TextCell.swift */; };
		0132CF262847C10600D9BB00 /* InsetItemGridViewController.swift in Sources */ = {isa = PBXBuildFile; fileRef = 0132CF252847C10600D9BB00 /* InsetItemGridViewController.swift */; };
/* End PBXBuildFile section */

/* Begin PBXFileReference section */
		0132CF072847BF1C00D9BB00 /* Composition-layout-apple-docs.app */ = {isa = PBXFileReference; explicitFileType = wrapper.application; includeInIndex = 0; path = "Composition-layout-apple-docs.app"; sourceTree = BUILT_PRODUCTS_DIR; };
		0132CF0A2847BF1C00D9BB00 /* AppDelegate.swift */ = {isa = PBXFileReference; lastKnownFileType = sourcecode.swift; path = AppDelegate.swift; sourceTree = "<group>"; };
		0132CF0C2847BF1C00D9BB00 /* SceneDelegate.swift */ = {isa = PBXFileReference; lastKnownFileType = sourcecode.swift; path = SceneDelegate.swift; sourceTree = "<group>"; };
		0132CF132847BF1D00D9BB00 /* Assets.xcassets */ = {isa = PBXFileReference; lastKnownFileType = folder.assetcatalog; path = Assets.xcassets; sourceTree = "<group>"; };
		0132CF182847BF1D00D9BB00 /* Info.plist */ = {isa = PBXFileReference; lastKnownFileType = text.plist.xml; path = Info.plist; sourceTree = "<group>"; };
		0132CF202847BFE100D9BB00 /* GridViewController.swift */ = {isa = PBXFileReference; lastKnownFileType = sourcecode.swift; path = GridViewController.swift; sourceTree = "<group>"; };
		0132CF222847C00800D9BB00 /* TextCell.swift */ = {isa = PBXFileReference; lastKnownFileType = sourcecode.swift; path = TextCell.swift; sourceTree = "<group>"; };
		0132CF252847C10600D9BB00 /* InsetItemGridViewController.swift */ = {isa = PBXFileReference; lastKnownFileType = sourcecode.swift; path = InsetItemGridViewController.swift; sourceTree = "<group>"; };
/* End PBXFileReference section */

/* Begin PBXFrameworksBuildPhase section */
		0132CF042847BF1C00D9BB00 /* Frameworks */ = {
			isa = PBXFrameworksBuildPhase;
			buildActionMask = 2147483647;
			files = (
			);
			runOnlyForDeploymentPostprocessing = 0;
		};
/* End PBXFrameworksBuildPhase section */

/* Begin PBXGroup section */
		0132CEFE2847BF1B00D9BB00 = {
			isa = PBXGroup;
			children = (
				0132CF092847BF1C00D9BB00 /* Composition-layout-apple-docs */,
				0132CF082847BF1C00D9BB00 /* Products */,
			);
			sourceTree = "<group>";
		};
		0132CF082847BF1C00D9BB00 /* Products */ = {
			isa = PBXGroup;
			children = (
				0132CF072847BF1C00D9BB00 /* Composition-layout-apple-docs.app */,
			);
			name = Products;
			sourceTree = "<group>";
		};
		0132CF092847BF1C00D9BB00 /* Composition-layout-apple-docs */ = {
			isa = PBXGroup;
			children = (
				0132CF242847C0D000D9BB00 /* Inset Items Grid */,
				0132CF1F2847BFCD00D9BB00 /* Grid Layout */,
				0132CF1E2847BFA200D9BB00 /* Support */,
				0132CF182847BF1D00D9BB00 /* Info.plist */,
			);
			path = "Composition-layout-apple-docs";
			sourceTree = "<group>";
		};
		0132CF1E2847BFA200D9BB00 /* Support */ = {
			isa = PBXGroup;
			children = (
				0132CF0A2847BF1C00D9BB00 /* AppDelegate.swift */,
				0132CF0C2847BF1C00D9BB00 /* SceneDelegate.swift */,
				0132CF132847BF1D00D9BB00 /* Assets.xcassets */,
			);
			path = Support;
			sourceTree = "<group>";
		};
		0132CF1F2847BFCD00D9BB00 /* Grid Layout */ = {
			isa = PBXGroup;
			children = (
				0132CF202847BFE100D9BB00 /* GridViewController.swift */,
				0132CF222847C00800D9BB00 /* TextCell.swift */,
			);
			path = "Grid Layout";
			sourceTree = "<group>";
		};
		0132CF242847C0D000D9BB00 /* Inset Items Grid */ = {
			isa = PBXGroup;
			children = (
				0132CF252847C10600D9BB00 /* InsetItemGridViewController.swift */,
			);
			path = "Inset Items Grid";
			sourceTree = "<group>";
		};
/* End PBXGroup section */

/* Begin PBXNativeTarget section */
		0132CF062847BF1C00D9BB00 /* Composition-layout-apple-docs */ = {
			isa = PBXNativeTarget;
			buildConfigurationList = 0132CF1B2847BF1D00D9BB00 /* Build configuration list for PBXNativeTarget "Composition-layout-apple-docs" */;
			buildPhases = (
				0132CF032847BF1C00D9BB00 /* Sources */,
				0132CF042847BF1C00D9BB00 /* Frameworks */,
				0132CF052847BF1C00D9BB00 /* Resources */,
			);
			buildRules = (
			);
			dependencies = (
			);
			name = "Composition-layout-apple-docs";
			productName = "Composition-layout-apple-docs";
			productReference = 0132CF072847BF1C00D9BB00 /* Composition-layout-apple-docs.app */;
			productType = "com.apple.product-type.application";
		};
/* End PBXNativeTarget section */

/* Begin PBXProject section */
		0132CEFF2847BF1B00D9BB00 /* Project object */ = {
			isa = PBXProject;
			attributes = {
				BuildIndependentTargetsInParallel = 1;
				LastSwiftUpdateCheck = 1340;
				LastUpgradeCheck = 1340;
				TargetAttributes = {
					0132CF062847BF1C00D9BB00 = {
						CreatedOnToolsVersion = 13.4;
					};
				};
			};
			buildConfigurationList = 0132CF022847BF1B00D9BB00 /* Build configuration list for PBXProject "Composition-layout-apple-docs" */;
			compatibilityVersion = "Xcode 13.0";
			developmentRegion = en;
			hasScannedForEncodings = 0;
			knownRegions = (
				en,
				Base,
			);
			mainGroup = 0132CEFE2847BF1B00D9BB00;
			productRefGroup = 0132CF082847BF1C00D9BB00 /* Products */;
			projectDirPath = "";
			projectRoot = "";
			targets = (
				0132CF062847BF1C00D9BB00 /* Composition-layout-apple-docs */,
			);
		};
/* End PBXProject section */

/* Begin PBXResourcesBuildPhase section */
		0132CF052847BF1C00D9BB00 /* Resources */ = {
			isa = PBXResourcesBuildPhase;
			buildActionMask = 2147483647;
			files = (
				0132CF142847BF1D00D9BB00 /* Assets.xcassets in Resources */,
			);
			runOnlyForDeploymentPostprocessing = 0;
		};
/* End PBXResourcesBuildPhase section */

/* Begin PBXSourcesBuildPhase section */
		0132CF032847BF1C00D9BB00 /* Sources */ = {
			isa = PBXSourcesBuildPhase;
			buildActionMask = 2147483647;
			files = (
				0132CF0B2847BF1C00D9BB00 /* AppDelegate.swift in Sources */,
				0132CF0D2847BF1C00D9BB00 /* SceneDelegate.swift in Sources */,
				0132CF232847C00800D9BB00 /* TextCell.swift in Sources */,
				0132CF262847C10600D9BB00 /* InsetItemGridViewController.swift in Sources */,
				0132CF212847BFE100D9BB00 /* GridViewController.swift in Sources */,
			);
			runOnlyForDeploymentPostprocessing = 0;
		};
/* End PBXSourcesBuildPhase section */

/* Begin XCBuildConfiguration section */
		0132CF192847BF1D00D9BB00 /* Debug */ = {
			isa = XCBuildConfiguration;
			buildSettings = {
				ALWAYS_SEARCH_USER_PATHS = NO;
				CLANG_ANALYZER_NONNULL = YES;
				CLANG_ANALYZER_NUMBER_OBJECT_CONVERSION = YES_AGGRESSIVE;
				CLANG_CXX_LANGUAGE_STANDARD = "gnu++17";
				CLANG_ENABLE_MODULES = YES;
				CLANG_ENABLE_OBJC_ARC = YES;
				CLANG_ENABLE_OBJC_WEAK = YES;
				CLANG_WARN_BLOCK_CAPTURE_AUTORELEASING = YES;
				CLANG_WARN_BOOL_CONVERSION = YES;
				CLANG_WARN_COMMA = YES;
				CLANG_WARN_CONSTANT_CONVERSION = YES;
				CLANG_WARN_DEPRECATED_OBJC_IMPLEMENTATIONS = YES;
				CLANG_WARN_DIRECT_OBJC_ISA_USAGE = YES_ERROR;
				CLANG_WARN_DOCUMENTATION_COMMENTS = YES;
				CLANG_WARN_EMPTY_BODY = YES;
				CLANG_WARN_ENUM_CONVERSION = YES;
				CLANG_WARN_INFINITE_RECURSION = YES;
				CLANG_WARN_INT_CONVERSION = YES;
				CLANG_WARN_NON_LITERAL_NULL_CONVERSION = YES;
				CLANG_WARN_OBJC_IMPLICIT_RETAIN_SELF = YES;
				CLANG_WARN_OBJC_LITERAL_CONVERSION = YES;
				CLANG_WARN_OBJC_ROOT_CLASS = YES_ERROR;
				CLANG_WARN_QUOTED_INCLUDE_IN_FRAMEWORK_HEADER = YES;
				CLANG_WARN_RANGE_LOOP_ANALYSIS = YES;
				CLANG_WARN_STRICT_PROTOTYPES = YES;
				CLANG_WARN_SUSPICIOUS_MOVE = YES;
				CLANG_WARN_UNGUARDED_AVAILABILITY = YES_AGGRESSIVE;
				CLANG_WARN_UNREACHABLE_CODE = YES;
				CLANG_WARN__DUPLICATE_METHOD_MATCH = YES;
				COPY_PHASE_STRIP = NO;
				DEBUG_INFORMATION_FORMAT = dwarf;
				ENABLE_STRICT_OBJC_MSGSEND = YES;
				ENABLE_TESTABILITY = YES;
				GCC_C_LANGUAGE_STANDARD = gnu11;
				GCC_DYNAMIC_NO_PIC = NO;
				GCC_NO_COMMON_BLOCKS = YES;
				GCC_OPTIMIZATION_LEVEL = 0;
				GCC_PREPROCESSOR_DEFINITIONS = (
					"DEBUG=1",
					"$(inherited)",
				);
				GCC_WARN_64_TO_32_BIT_CONVERSION = YES;
				GCC_WARN_ABOUT_RETURN_TYPE = YES_ERROR;
				GCC_WARN_UNDECLARED_SELECTOR = YES;
				GCC_WARN_UNINITIALIZED_AUTOS = YES_AGGRESSIVE;
				GCC_WARN_UNUSED_FUNCTION = YES;
				GCC_WARN_UNUSED_VARIABLE = YES;
				IPHONEOS_DEPLOYMENT_TARGET = 15.5;
				MTL_ENABLE_DEBUG_INFO = INCLUDE_SOURCE;
				MTL_FAST_MATH = YES;
				ONLY_ACTIVE_ARCH = YES;
				SDKROOT = iphoneos;
				SWIFT_ACTIVE_COMPILATION_CONDITIONS = DEBUG;
				SWIFT_OPTIMIZATION_LEVEL = "-Onone";
			};
			name = Debug;
		};
		0132CF1A2847BF1D00D9BB00 /* Release */ = {
			isa = XCBuildConfiguration;
			buildSettings = {
				ALWAYS_SEARCH_USER_PATHS = NO;
				CLANG_ANALYZER_NONNULL = YES;
				CLANG_ANALYZER_NUMBER_OBJECT_CONVERSION = YES_AGGRESSIVE;
				CLANG_CXX_LANGUAGE_STANDARD = "gnu++17";
				CLANG_ENABLE_MODULES = YES;
				CLANG_ENABLE_OBJC_ARC = YES;
				CLANG_ENABLE_OBJC_WEAK = YES;
				CLANG_WARN_BLOCK_CAPTURE_AUTORELEASING = YES;
				CLANG_WARN_BOOL_CONVERSION = YES;
				CLANG_WARN_COMMA = YES;
				CLANG_WARN_CONSTANT_CONVERSION = YES;
				CLANG_WARN_DEPRECATED_OBJC_IMPLEMENTATIONS = YES;
				CLANG_WARN_DIRECT_OBJC_ISA_USAGE = YES_ERROR;
				CLANG_WARN_DOCUMENTATION_COMMENTS = YES;
				CLANG_WARN_EMPTY_BODY = YES;
				CLANG_WARN_ENUM_CONVERSION = YES;
				CLANG_WARN_INFINITE_RECURSION = YES;
				CLANG_WARN_INT_CONVERSION = YES;
				CLANG_WARN_NON_LITERAL_NULL_CONVERSION = YES;
				CLANG_WARN_OBJC_IMPLICIT_RETAIN_SELF = YES;
				CLANG_WARN_OBJC_LITERAL_CONVERSION = YES;
				CLANG_WARN_OBJC_ROOT_CLASS = YES_ERROR;
				CLANG_WARN_QUOTED_INCLUDE_IN_FRAMEWORK_HEADER = YES;
				CLANG_WARN_RANGE_LOOP_ANALYSIS = YES;
				CLANG_WARN_STRICT_PROTOTYPES = YES;
				CLANG_WARN_SUSPICIOUS_MOVE = YES;
				CLANG_WARN_UNGUARDED_AVAILABILITY = YES_AGGRESSIVE;
				CLANG_WARN_UNREACHABLE_CODE = YES;
				CLANG_WARN__DUPLICATE_METHOD_MATCH = YES;
				COPY_PHASE_STRIP = NO;
				DEBUG_INFORMATION_FORMAT = "dwarf-with-dsym";
				ENABLE_NS_ASSERTIONS = NO;
				ENABLE_STRICT_OBJC_MSGSEND = YES;
				GCC_C_LANGUAGE_STANDARD = gnu11;
				GCC_NO_COMMON_BLOCKS = YES;
				GCC_WARN_64_TO_32_BIT_CONVERSION = YES;
				GCC_WARN_ABOUT_RETURN_TYPE = YES_ERROR;
				GCC_WARN_UNDECLARED_SELECTOR = YES;
				GCC_WARN_UNINITIALIZED_AUTOS = YES_AGGRESSIVE;
				GCC_WARN_UNUSED_FUNCTION = YES;
				GCC_WARN_UNUSED_VARIABLE = YES;
				IPHONEOS_DEPLOYMENT_TARGET = 15.5;
				MTL_ENABLE_DEBUG_INFO = NO;
				MTL_FAST_MATH = YES;
				SDKROOT = iphoneos;
				SWIFT_COMPILATION_MODE = wholemodule;
				SWIFT_OPTIMIZATION_LEVEL = "-O";
				VALIDATE_PRODUCT = YES;
			};
			name = Release;
		};
		0132CF1C2847BF1D00D9BB00 /* Debug */ = {
			isa = XCBuildConfiguration;
			buildSettings = {
				ASSETCATALOG_COMPILER_APPICON_NAME = AppIcon;
				ASSETCATALOG_COMPILER_GLOBAL_ACCENT_COLOR_NAME = AccentColor;
				CODE_SIGN_STYLE = Automatic;
				CURRENT_PROJECT_VERSION = 1;
				DEVELOPMENT_TEAM = 8BFJ4VQ97J;
				GENERATE_INFOPLIST_FILE = YES;
				INFOPLIST_FILE = "Composition-layout-apple-docs/Info.plist";
				INFOPLIST_KEY_UIApplicationSupportsIndirectInputEvents = YES;
				INFOPLIST_KEY_UILaunchStoryboardName = LaunchScreen;
				INFOPLIST_KEY_UISupportedInterfaceOrientations = UIInterfaceOrientationPortrait;
				INFOPLIST_KEY_UISupportedInterfaceOrientations_iPad = "UIInterfaceOrientationPortrait UIInterfaceOrientationPortraitUpsideDown UIInterfaceOrientationLandscapeLeft UIInterfaceOrientationLandscapeRight";
				INFOPLIST_KEY_UISupportedInterfaceOrientations_iPhone = "UIInterfaceOrientationPortrait UIInterfaceOrientationLandscapeLeft UIInterfaceOrientationLandscapeRight";
				LD_RUNPATH_SEARCH_PATHS = (
					"$(inherited)",
					"@executable_path/Frameworks",
				);
				MARKETING_VERSION = 1.0;
				PRODUCT_BUNDLE_IDENTIFIER = "com.practice.Composition-layout-apple-docs";
				PRODUCT_NAME = "$(TARGET_NAME)";
				SWIFT_EMIT_LOC_STRINGS = YES;
				SWIFT_VERSION = 5.0;
				TARGETED_DEVICE_FAMILY = 1;
			};
			name = Debug;
		};
		0132CF1D2847BF1D00D9BB00 /* Release */ = {
			isa = XCBuildConfiguration;
			buildSettings = {
				ASSETCATALOG_COMPILER_APPICON_NAME = AppIcon;
				ASSETCATALOG_COMPILER_GLOBAL_ACCENT_COLOR_NAME = AccentColor;
				CODE_SIGN_STYLE = Automatic;
				CURRENT_PROJECT_VERSION = 1;
				DEVELOPMENT_TEAM = 8BFJ4VQ97J;
				GENERATE_INFOPLIST_FILE = YES;
				INFOPLIST_FILE = "Composition-layout-apple-docs/Info.plist";
				INFOPLIST_KEY_UIApplicationSupportsIndirectInputEvents = YES;
				INFOPLIST_KEY_UILaunchStoryboardName = LaunchScreen;
				INFOPLIST_KEY_UISupportedInterfaceOrientations = UIInterfaceOrientationPortrait;
				INFOPLIST_KEY_UISupportedInterfaceOrientations_iPad = "UIInterfaceOrientationPortrait UIInterfaceOrientationPortraitUpsideDown UIInterfaceOrientationLandscapeLeft UIInterfaceOrientationLandscapeRight";
				INFOPLIST_KEY_UISupportedInterfaceOrientations_iPhone = "UIInterfaceOrientationPortrait UIInterfaceOrientationLandscapeLeft UIInterfaceOrientationLandscapeRight";
				LD_RUNPATH_SEARCH_PATHS = (
					"$(inherited)",
					"@executable_path/Frameworks",
				);
				MARKETING_VERSION = 1.0;
				PRODUCT_BUNDLE_IDENTIFIER = "com.practice.Composition-layout-apple-docs";
				PRODUCT_NAME = "$(TARGET_NAME)";
				SWIFT_EMIT_LOC_STRINGS = YES;
				SWIFT_VERSION = 5.0;
				TARGETED_DEVICE_FAMILY = 1;
			};
			name = Release;
		};
/* End XCBuildConfiguration section */

/* Begin XCConfigurationList section */
		0132CF022847BF1B00D9BB00 /* Build configuration list for PBXProject "Composition-layout-apple-docs" */ = {
			isa = XCConfigurationList;
			buildConfigurations = (
				0132CF192847BF1D00D9BB00 /* Debug */,
				0132CF1A2847BF1D00D9BB00 /* Release */,
			);
			defaultConfigurationIsVisible = 0;
			defaultConfigurationName = Release;
		};
		0132CF1B2847BF1D00D9BB00 /* Build configuration list for PBXNativeTarget "Composition-layout-apple-docs" */ = {
			isa = XCConfigurationList;
			buildConfigurations = (
				0132CF1C2847BF1D00D9BB00 /* Debug */,
				0132CF1D2847BF1D00D9BB00 /* Release */,
			);
			defaultConfigurationIsVisible = 0;
			defaultConfigurationName = Release;
		};
/* End XCConfigurationList section */
	};
	rootObject = 0132CEFF2847BF1B00D9BB00 /* Project object */;
}
